
Microsoft Visual Studio Solution File, Format Version 12.00
# Visual Studio Version 16
VisualStudioVersion = 16.0.29215.179
MinimumVisualStudioVersion = 10.0.40219.1
Project("{FAE04EC0-301F-11D3-BF4B-00C04F79EFBC}") = "Skat", "Skat\Skat.csproj", "{DF7A470B-EE96-4E2D-9EBC-D9C384D5AB88}"
EndProject
Project("{FAE04EC0-301F-11D3-BF4B-00C04F79EFBC}") = "SkatTest", "SkatTest\SkatTest.csproj", "{C7A26FE5-286C-4B8C-BF46-4CBD96737156}"
EndProject
Global
	GlobalSection(SolutionConfigurationPlatforms) = preSolution
		Debug|Any CPU = Debug|Any CPU
		Release|Any CPU = Release|Any CPU
	EndGlobalSection
	GlobalSection(ProjectConfigurationPlatforms) = postSolution
		{DF7A470B-EE96-4E2D-9EBC-D9C384D5AB88}.Debug|Any CPU.ActiveCfg = Debug|Any CPU
		{DF7A470B-EE96-4E2D-9EBC-D9C384D5AB88}.Debug|Any CPU.Build.0 = Debug|Any CPU
		{DF7A470B-EE96-4E2D-9EBC-D9C384D5AB88}.Release|Any CPU.ActiveCfg = Release|Any CPU
		{DF7A470B-EE96-4E2D-9EBC-D9C384D5AB88}.Release|Any CPU.Build.0 = Release|Any CPU
		{C7A26FE5-286C-4B8C-BF46-4CBD96737156}.Debug|Any CPU.ActiveCfg = Debug|Any CPU
		{C7A26FE5-286C-4B8C-BF46-4CBD96737156}.Debug|Any CPU.Build.0 = Debug|Any CPU
		{C7A26FE5-286C-4B8C-BF46-4CBD96737156}.Release|Any CPU.ActiveCfg = Release|Any CPU
		{C7A26FE5-286C-4B8C-BF46-4CBD96737156}.Release|Any CPU.Build.0 = Release|Any CPU
	EndGlobalSection
	GlobalSection(SolutionProperties) = preSolution
		HideSolutionNode = FALSE
	EndGlobalSection
	GlobalSection(ExtensibilityGlobals) = postSolution
		SolutionGuid = {73FD99A9-397F-4A8C-89EA-7932FDC147B8}
	EndGlobalSection
EndGlobal
